{
  "version": 4,
  "terraform_version": "1.5.6",
  "serial": 326,
  "lineage": "15daca82-09f8-686c-f5a8-108851b64e69",
  "outputs": {
    "application_gsa_email": {
      "value": "api-gateway-gsa@game-item-generation.iam.gserviceaccount.com",
      "type": "string"
    },
    "db_password": {
      "value": "KhhhKdgXtTnjC5LIDxjp",
      "type": "string",
      "sensitive": true
    },
    "gke_cluster_endpoint": {
      "value": "34.126.182.5",
      "type": "string",
      "sensitive": true
    },
    "gke_cluster_location": {
      "value": "asia-southeast1",
      "type": "string"
    },
    "gke_cluster_name": {
      "value": "game-item-generation-service-cluster",
      "type": "string"
    },
    "gke_node_service_account_email": {
      "value": "gke-nodes-sa@game-item-generation.iam.gserviceaccount.com",
      "type": "string"
    },
    "image_bucket_name": {
      "value": "inference-worker-bucket",
      "type": "string"
    },
    "sql_instance_connection_name": {
      "value": "game-item-generation:asia-southeast1:game-item-generation-service-db",
      "type": "string"
    }
  },
  "resources": [
    {
      "mode": "managed",
      "type": "google_compute_firewall",
      "name": "jenkins_firewall",
      "provider": "provider[\"registry.terraform.io/hashicorp/google\"]",
      "instances": [
        {
          "schema_version": 1,
          "attributes": {
            "allow": [
              {
                "ports": [
                  "22",
                  "8081",
                  "50000"
                ],
                "protocol": "tcp"
              }
            ],
            "creation_timestamp": "2025-10-21T18:56:13.686-07:00",
            "deny": [],
            "description": "",
            "destination_ranges": [],
            "direction": "INGRESS",
            "disabled": false,
            "enable_logging": null,
            "id": "projects/game-item-generation/global/firewalls/firewall-rule",
            "log_config": [],
            "name": "firewall-rule",
            "network": "https://www.googleapis.com/compute/v1/projects/game-item-generation/global/networks/game-item-generation-vpc",
            "priority": 1000,
            "project": "game-item-generation",
            "self_link": "https://www.googleapis.com/compute/v1/projects/game-item-generation/global/firewalls/firewall-rule",
            "source_ranges": [
              "0.0.0.0/0"
            ],
            "source_service_accounts": [],
            "source_tags": [],
            "target_service_accounts": [],
            "target_tags": [
              "jenkins-master-access"
            ],
            "timeouts": null
          },
          "sensitive_attributes": [],
          "private": "eyJlMmJmYjczMC1lY2FhLTExZTYtOGY4OC0zNDM2M2JjN2M0YzAiOnsiY3JlYXRlIjoxMjAwMDAwMDAwMDAwLCJkZWxldGUiOjEyMDAwMDAwMDAwMDAsInVwZGF0ZSI6MTIwMDAwMDAwMDAwMH0sInNjaGVtYV92ZXJzaW9uIjoiMSJ9",
          "dependencies": [
            "google_compute_network.vpc_network"
          ]
        }
      ]
    },
    {
      "mode": "managed",
      "type": "google_compute_global_address",
      "name": "private_ip_alloc",
      "provider": "provider[\"registry.terraform.io/hashicorp/google\"]",
      "instances": [
        {
          "schema_version": 0,
          "attributes": {
            "address": "10.235.0.0",
            "address_type": "INTERNAL",
            "creation_timestamp": "2025-10-21T07:35:45.722-07:00",
            "description": "",
            "id": "projects/game-item-generation/global/addresses/private-ip-alloc-for-gcp-services",
            "ip_version": "",
            "name": "private-ip-alloc-for-gcp-services",
            "network": "https://www.googleapis.com/compute/v1/projects/game-item-generation/global/networks/game-item-generation-vpc",
            "prefix_length": 16,
            "project": "game-item-generation",
            "purpose": "VPC_PEERING",
            "self_link": "https://www.googleapis.com/compute/v1/projects/game-item-generation/global/addresses/private-ip-alloc-for-gcp-services",
            "timeouts": null
          },
          "sensitive_attributes": [],
          "private": "eyJlMmJmYjczMC1lY2FhLTExZTYtOGY4OC0zNDM2M2JjN2M0YzAiOnsiY3JlYXRlIjoxMjAwMDAwMDAwMDAwLCJkZWxldGUiOjEyMDAwMDAwMDAwMDB9fQ==",
          "dependencies": [
            "google_compute_network.vpc_network"
          ]
        }
      ]
    },
    {
      "mode": "managed",
      "type": "google_compute_instance",
      "name": "jenkins_instance",
      "provider": "provider[\"registry.terraform.io/hashicorp/google\"]",
      "instances": [
        {
          "schema_version": 6,
          "attributes": {
            "advanced_machine_features": [],
            "allow_stopping_for_update": null,
            "attached_disk": [],
            "boot_disk": [
              {
                "auto_delete": true,
                "device_name": "persistent-disk-0",
                "disk_encryption_key_raw": "",
                "disk_encryption_key_sha256": "",
                "initialize_params": [
                  {
                    "image": "https://www.googleapis.com/compute/v1/projects/ubuntu-os-cloud/global/images/ubuntu-2204-jammy-v20251002",
                    "labels": {},
                    "resource_manager_tags": {},
                    "size": 30,
                    "type": "pd-standard"
                  }
                ],
                "kms_key_self_link": "",
                "mode": "READ_WRITE",
                "source": "https://www.googleapis.com/compute/v1/projects/game-item-generation/zones/asia-southeast1-a/disks/jenkins-instance"
              }
            ],
            "can_ip_forward": false,
            "confidential_instance_config": [],
            "cpu_platform": "Intel Broadwell",
            "current_status": "RUNNING",
            "deletion_protection": false,
            "description": "",
            "desired_status": null,
            "enable_display": false,
            "guest_accelerator": [],
            "hostname": "",
            "id": "projects/game-item-generation/zones/asia-southeast1-a/instances/jenkins-instance",
            "instance_id": "4535850260682343652",
            "label_fingerprint": "42WmSpB8rSM=",
            "labels": {},
            "machine_type": "e2-standard-2",
            "metadata": {},
            "metadata_fingerprint": "wo4LM3pbxBQ=",
            "metadata_startup_script": null,
            "min_cpu_platform": "",
            "name": "jenkins-instance",
            "network_interface": [
              {
                "access_config": [
                  {
                    "nat_ip": "35.240.223.201",
                    "network_tier": "PREMIUM",
                    "public_ptr_domain_name": ""
                  }
                ],
                "alias_ip_range": [],
                "ipv6_access_config": [],
                "ipv6_access_type": "",
                "name": "nic0",
                "network": "https://www.googleapis.com/compute/v1/projects/game-item-generation/global/networks/game-item-generation-vpc",
                "network_ip": "10.10.0.2",
                "nic_type": "",
                "queue_count": 0,
                "stack_type": "IPV4_ONLY",
                "subnetwork": "https://www.googleapis.com/compute/v1/projects/game-item-generation/regions/asia-southeast1/subnetworks/game-item-generation-service-subnet",
                "subnetwork_project": "game-item-generation"
              }
            ],
            "network_performance_config": [],
            "params": [],
            "project": "game-item-generation",
            "reservation_affinity": [],
            "resource_policies": [],
            "scheduling": [
              {
                "automatic_restart": true,
                "instance_termination_action": "",
                "local_ssd_recovery_timeout": [],
                "min_node_cpus": 0,
                "node_affinities": [],
                "on_host_maintenance": "MIGRATE",
                "preemptible": false,
                "provisioning_model": "STANDARD"
              }
            ],
            "scratch_disk": [],
            "self_link": "https://www.googleapis.com/compute/v1/projects/game-item-generation/zones/asia-southeast1-a/instances/jenkins-instance",
            "service_account": [
              {
                "email": "jenkins-vm-sa@game-item-generation.iam.gserviceaccount.com",
                "scopes": [
                  "https://www.googleapis.com/auth/cloud-platform"
                ]
              }
            ],
            "shielded_instance_config": [
              {
                "enable_integrity_monitoring": true,
                "enable_secure_boot": false,
                "enable_vtpm": true
              }
            ],
            "tags": [
              "jenkins-master-access"
            ],
            "tags_fingerprint": "83V_j_GXBpw=",
            "timeouts": null,
            "zone": "asia-southeast1-a"
          },
          "sensitive_attributes": [],
          "private": "eyJlMmJmYjczMC1lY2FhLTExZTYtOGY4OC0zNDM2M2JjN2M0YzAiOnsiY3JlYXRlIjoxMjAwMDAwMDAwMDAwLCJkZWxldGUiOjEyMDAwMDAwMDAwMDAsInVwZGF0ZSI6MTIwMDAwMDAwMDAwMH0sInNjaGVtYV92ZXJzaW9uIjoiNiJ9",
          "dependencies": [
            "google_compute_network.vpc_network",
            "google_compute_subnetwork.service_subnet",
            "google_project_iam_member.jenkins_gke_developer",
            "google_service_account.jenkins_vm_sa"
          ]
        }
      ]
    },
    {
      "mode": "managed",
      "type": "google_compute_network",
      "name": "vpc_network",
      "provider": "provider[\"registry.terraform.io/hashicorp/google\"]",
      "instances": [
        {
          "schema_version": 0,
          "attributes": {
            "auto_create_subnetworks": false,
            "delete_default_routes_on_create": false,
            "description": "",
            "enable_ula_internal_ipv6": false,
            "gateway_ipv4": "",
            "id": "projects/game-item-generation/global/networks/game-item-generation-vpc",
            "internal_ipv6_range": "",
            "mtu": 0,
            "name": "game-item-generation-vpc",
            "network_firewall_policy_enforcement_order": "AFTER_CLASSIC_FIREWALL",
            "project": "game-item-generation",
            "routing_mode": "REGIONAL",
            "self_link": "https://www.googleapis.com/compute/v1/projects/game-item-generation/global/networks/game-item-generation-vpc",
            "timeouts": null
          },
          "sensitive_attributes": [],
          "private": "eyJlMmJmYjczMC1lY2FhLTExZTYtOGY4OC0zNDM2M2JjN2M0YzAiOnsiY3JlYXRlIjoxMjAwMDAwMDAwMDAwLCJkZWxldGUiOjEyMDAwMDAwMDAwMDAsInVwZGF0ZSI6MTIwMDAwMDAwMDAwMH19"
        }
      ]
    },
    {
      "mode": "managed",
      "type": "google_compute_subnetwork",
      "name": "service_subnet",
      "provider": "provider[\"registry.terraform.io/hashicorp/google\"]",
      "instances": [
        {
          "schema_version": 0,
          "attributes": {
            "creation_timestamp": "2025-10-21T18:56:15.206-07:00",
            "description": "",
            "external_ipv6_prefix": "",
            "fingerprint": null,
            "gateway_address": "10.10.0.1",
            "id": "projects/game-item-generation/regions/asia-southeast1/subnetworks/game-item-generation-service-subnet",
            "ip_cidr_range": "10.10.0.0/24",
            "ipv6_access_type": "",
            "ipv6_cidr_range": "",
            "log_config": [],
            "name": "game-item-generation-service-subnet",
            "network": "https://www.googleapis.com/compute/v1/projects/game-item-generation/global/networks/game-item-generation-vpc",
            "private_ip_google_access": true,
            "private_ipv6_google_access": "DISABLE_GOOGLE_ACCESS",
            "project": "game-item-generation",
            "purpose": "PRIVATE",
            "region": "asia-southeast1",
            "role": "",
            "secondary_ip_range": [
              {
                "ip_cidr_range": "10.20.0.0/16",
                "range_name": "pods-range"
              },
              {
                "ip_cidr_range": "10.30.0.0/16",
                "range_name": "services-range"
              }
            ],
            "self_link": "https://www.googleapis.com/compute/v1/projects/game-item-generation/regions/asia-southeast1/subnetworks/game-item-generation-service-subnet",
            "stack_type": "IPV4_ONLY",
            "timeouts": null
          },
          "sensitive_attributes": [],
          "private": "eyJlMmJmYjczMC1lY2FhLTExZTYtOGY4OC0zNDM2M2JjN2M0YzAiOnsiY3JlYXRlIjoxMjAwMDAwMDAwMDAwLCJkZWxldGUiOjEyMDAwMDAwMDAwMDAsInVwZGF0ZSI6MTIwMDAwMDAwMDAwMH19",
          "dependencies": [
            "google_compute_network.vpc_network"
          ]
        }
      ]
    },
    {
      "mode": "managed",
      "type": "google_container_cluster",
      "name": "service-cluster",
      "provider": "provider[\"registry.terraform.io/hashicorp/google\"]",
      "instances": [
        {
          "schema_version": 1,
          "attributes": {
            "addons_config": [
              {
                "cloudrun_config": [],
                "config_connector_config": [],
                "dns_cache_config": [],
                "gce_persistent_disk_csi_driver_config": [
                  {
                    "enabled": true
                  }
                ],
                "gcp_filestore_csi_driver_config": [],
                "gcs_fuse_csi_driver_config": [],
                "gke_backup_agent_config": [],
                "horizontal_pod_autoscaling": [],
                "http_load_balancing": [],
                "network_policy_config": [
                  {
                    "disabled": true
                  }
                ]
              }
            ],
            "allow_net_admin": null,
            "authenticator_groups_config": [],
            "binary_authorization": [
              {
                "enabled": false,
                "evaluation_mode": ""
              }
            ],
            "cluster_autoscaling": [
              {
                "auto_provisioning_defaults": [],
                "enabled": false,
                "resource_limits": []
              }
            ],
            "cluster_ipv4_cidr": "10.20.0.0/16",
            "confidential_nodes": [],
            "cost_management_config": [],
            "database_encryption": [
              {
                "key_name": "",
                "state": "DECRYPTED"
              }
            ],
            "datapath_provider": "",
            "default_max_pods_per_node": 110,
            "default_snat_status": [
              {
                "disabled": false
              }
            ],
            "description": "",
            "dns_config": [],
            "enable_autopilot": false,
            "enable_binary_authorization": false,
            "enable_intranode_visibility": false,
            "enable_k8s_beta_apis": [],
            "enable_kubernetes_alpha": false,
            "enable_l4_ilb_subsetting": false,
            "enable_legacy_abac": false,
            "enable_shielded_nodes": true,
            "enable_tpu": false,
            "endpoint": "34.126.182.5",
            "gateway_api_config": [],
            "id": "projects/game-item-generation/locations/asia-southeast1/clusters/game-item-generation-service-cluster",
            "initial_node_count": 1,
            "ip_allocation_policy": [
              {
                "additional_pod_ranges_config": [],
                "cluster_ipv4_cidr_block": "10.20.0.0/16",
                "cluster_secondary_range_name": "pods-range",
                "pod_cidr_overprovision_config": [
                  {
                    "disabled": false
                  }
                ],
                "services_ipv4_cidr_block": "10.30.0.0/16",
                "services_secondary_range_name": "services-range",
                "stack_type": "IPV4"
              }
            ],
            "label_fingerprint": "a9dc16a7",
            "location": "asia-southeast1",
            "logging_config": [
              {
                "enable_components": [
                  "SYSTEM_COMPONENTS",
                  "WORKLOADS"
                ]
              }
            ],
            "logging_service": "logging.googleapis.com/kubernetes",
            "maintenance_policy": [],
            "master_auth": [
              {
                "client_certificate": "",
                "client_certificate_config": [
                  {
                    "issue_client_certificate": false
                  }
                ],
                "client_key": "",
                "cluster_ca_certificate": "LS0tLS1CRUdJTiBDRVJUSUZJQ0FURS0tLS0tCk1JSUVMRENDQXBTZ0F3SUJBZ0lRR0pKaXBodXEwci9BUk4xZUpkZFZBekFOQmdrcWhraUc5dzBCQVFzRkFEQXYKTVMwd0t3WURWUVFERXlRNE5XTTBOMk5oTlMwMVpEQmxMVFE0TlRVdE9USTFOQzFoTldJME9XVmlNbVkzTlRFdwpJQmNOTWpVeE1ESXlNREExTnpNd1doZ1BNakExTlRFd01UVXdNVFUzTXpCYU1DOHhMVEFyQmdOVkJBTVRKRGcxCll6UTNZMkUxTFRWa01HVXRORGcxTlMwNU1qVTBMV0UxWWpRNVpXSXlaamMxTVRDQ0FhSXdEUVlKS29aSWh2Y04KQVFFQkJRQURnZ0dQQURDQ0FZb0NnZ0dCQU13R0pBSG9rM1hSMWtqdXVSc0ZTMERENzNiNENVdDYxL25JUlJhYwpWNXpRTmhGdllDTGdyOXdZMmE5R0MyVzlJQXZxcmQreUdpQjY5TW1hdFR0clZZVm15bmxIc3J6S0UvanZjQjVHCkw5UFNyM2FHbTkwSlBEd04wQ2dCczZybTc4TW9TbzRtSDMwdmZMa3NpelJRMHlXYWVKSTlUTG1peWwxbXo4NWgKRGs4Rkc1b2o3Tm5FdUNsSkI5NzdzTGVWY2dSUFpSQzNrSHdRSkVqajZLdlhaTDNSYUo5U2VVRFZtcjFrWFJzVwo5bEtIZzE0dGp1d0JEbW9kMzVuS3RTTldxVHRiVHJxWXVLeDN5VUt2WXJ5TXBRejRnT0ExalBoSVg5VlVkYlRNCjZSNi90bHNGRFZsMFIyS2xPUTBXZGh6RllmZ082V3l4NEtjM3Bxa2pzK0psZEdFelZnRkNiQ0hOMGZ3UkdLZHoKWHgreDAvdXhCaWJCdkl6S1JqMXpVdGJpVUlNeWdaK29yMnlJd2w5N3Q3T09qL05zM0JuSkRiRXBpZ2kyS1BzUgpNbm1WTU9qOVYvV0ZFR3BZWW9wRDY2aUZ0MG96ZEozbHh5bDk4QkN3YXpyR3YzY3RLOHAyWjBtZzlZeiswdy9HClRCVCtzOHVKc2pRWEVkNzJJZVorZWlrc0l3SURBUUFCbzBJd1FEQU9CZ05WSFE4QkFmOEVCQU1DQWdRd0R3WUQKVlIwVEFRSC9CQVV3QXdFQi96QWRCZ05WSFE0RUZnUVUwemY1TzRxQzN6SDFxQ2ZpakFJYlhOK3BIMnN3RFFZSgpLb1pJaHZjTkFRRUxCUUFEZ2dHQkFKejlJU1J5N2kxK3RJN0xTUVNWdGlXOWhiZ2YxMjdaSDNINTIxVnQ0bDB0ClBwUnc5MnBmMXlxNSsyWFFRc0hVaE4yZEZuWGF3Q1RYSmZoRk9kbHB1MEZ3ZXJIczFFZ0hZK0tVNmFIcFpnbFUKWDl2bEozNUZtc3pvQmRSOFVRcDdEcmFVd0ordmQzWTlmRTNjRjZja3BNYWpnMnBrUm92WGpzTEhQdDZCRjdxcQpSZVgzcDJOUmdUQm43aVN1MFlwOVBxQnloV3ZDZXBBem1YQ1JzV2tqUUlTVndpK2t2WnRqR0srb1pTWnpPN0c1CmV1U05ia0hzVk1lS3Z2THVqemZ6ZUx5OFJ2bUFhbForb21qSWowUlNsUmJlWGQ4N0EyZzRucGlyM2xBVDFlREcKRzdJS1VrKzdjdUxyWGxwenZxK0JOZnh4NVNZSXUwQy9IVExRb2xYdHpOdUFtRlF2RHZDYVRVTTAzOEtHbnRyNgpJakZ2aWkrb0JDelR1MGRWbmtmK0ZqZFJDTjFEa0RFTDZKUE1DZ0t0WGZVUmtCUE9xM0xQaG5YRHJnUE4vNGRzCndLTVE2WlgrOE9IT1FYamtrd24xeXRERDMrU0xQdWRxN25GOVdxSmNxeWpzcC9WWkRHR0ZNMG8yY2FHMkYvenIKb1YyK0pGcWlDZUxpVEUyMDU0SURrdz09Ci0tLS0tRU5EIENFUlRJRklDQVRFLS0tLS0K"
              }
            ],
            "master_authorized_networks_config": [],
            "master_version": "1.33.5-gke.1080000",
            "mesh_certificates": [],
            "min_master_version": null,
            "monitoring_config": [
              {
                "advanced_datapath_observability_config": [
                  {
                    "enable_metrics": false,
                    "relay_mode": ""
                  }
                ],
                "enable_components": [
                  "SYSTEM_COMPONENTS",
                  "JOBSET",
                  "STORAGE",
                  "HPA",
                  "POD",
                  "DAEMONSET",
                  "DEPLOYMENT",
                  "STATEFULSET",
                  "CADVISOR",
                  "KUBELET",
                  "DCGM"
                ],
                "managed_prometheus": [
                  {
                    "enabled": true
                  }
                ]
              }
            ],
            "monitoring_service": "monitoring.googleapis.com/kubernetes",
            "name": "game-item-generation-service-cluster",
            "network": "projects/game-item-generation/global/networks/game-item-generation-vpc",
            "network_policy": [
              {
                "enabled": false,
                "provider": "PROVIDER_UNSPECIFIED"
              }
            ],
            "networking_mode": "VPC_NATIVE",
            "node_config": [
              {
                "advanced_machine_features": [],
                "boot_disk_kms_key": "",
                "disk_size_gb": 30,
                "disk_type": "pd-balanced",
                "ephemeral_storage_local_ssd_config": [],
                "gcfs_config": [],
                "guest_accelerator": [],
                "gvnic": [],
                "host_maintenance_policy": [],
                "image_type": "COS_CONTAINERD",
                "kubelet_config": [
                  {
                    "cpu_cfs_quota": false,
                    "cpu_cfs_quota_period": "",
                    "cpu_manager_policy": "",
                    "pod_pids_limit": 0
                  }
                ],
                "labels": {},
                "linux_node_config": [],
                "local_nvme_ssd_block_config": [],
                "local_ssd_count": 0,
                "logging_variant": "DEFAULT",
                "machine_type": "e2-standard-4",
                "metadata": {
                  "disable-legacy-endpoints": "true"
                },
                "min_cpu_platform": "",
                "node_group": "",
                "oauth_scopes": [
                  "https://www.googleapis.com/auth/cloud-platform"
                ],
                "preemptible": false,
                "reservation_affinity": [],
                "resource_labels": {
                  "goog-gke-node-pool-provisioning-model": "on-demand"
                },
                "service_account": "gke-nodes-sa@game-item-generation.iam.gserviceaccount.com",
                "shielded_instance_config": [
                  {
                    "enable_integrity_monitoring": true,
                    "enable_secure_boot": false
                  }
                ],
                "sole_tenant_config": [],
                "spot": false,
                "tags": [],
                "taint": [],
                "workload_metadata_config": [
                  {
                    "mode": "GKE_METADATA"
                  }
                ]
              }
            ],
            "node_locations": [
              "asia-southeast1-a",
              "asia-southeast1-b",
              "asia-southeast1-c"
            ],
            "node_pool": [
              {
                "autoscaling": [
                  {
                    "location_policy": "BALANCED",
                    "max_node_count": 3,
                    "min_node_count": 1,
                    "total_max_node_count": 0,
                    "total_min_node_count": 0
                  }
                ],
                "initial_node_count": 0,
                "instance_group_urls": [
                  "https://www.googleapis.com/compute/v1/projects/game-item-generation/zones/asia-southeast1-b/instanceGroupManagers/gke-game-item-genera-game-item-genera-c21bca9b-grp",
                  "https://www.googleapis.com/compute/v1/projects/game-item-generation/zones/asia-southeast1-c/instanceGroupManagers/gke-game-item-genera-game-item-genera-fa01d705-grp",
                  "https://www.googleapis.com/compute/v1/projects/game-item-generation/zones/asia-southeast1-a/instanceGroupManagers/gke-game-item-genera-game-item-genera-fbc58b7f-grp"
                ],
                "managed_instance_group_urls": [
                  "https://www.googleapis.com/compute/v1/projects/game-item-generation/zones/asia-southeast1-b/instanceGroups/gke-game-item-genera-game-item-genera-c21bca9b-grp",
                  "https://www.googleapis.com/compute/v1/projects/game-item-generation/zones/asia-southeast1-c/instanceGroups/gke-game-item-genera-game-item-genera-fa01d705-grp",
                  "https://www.googleapis.com/compute/v1/projects/game-item-generation/zones/asia-southeast1-a/instanceGroups/gke-game-item-genera-game-item-genera-fbc58b7f-grp"
                ],
                "management": [
                  {
                    "auto_repair": true,
                    "auto_upgrade": true
                  }
                ],
                "max_pods_per_node": 110,
                "name": "game-item-generation-np",
                "name_prefix": "",
                "network_config": [
                  {
                    "create_pod_range": false,
                    "enable_private_nodes": false,
                    "pod_cidr_overprovision_config": [],
                    "pod_ipv4_cidr_block": "10.20.0.0/16",
                    "pod_range": "pods-range"
                  }
                ],
                "node_config": [
                  {
                    "advanced_machine_features": [],
                    "boot_disk_kms_key": "",
                    "disk_size_gb": 30,
                    "disk_type": "pd-balanced",
                    "ephemeral_storage_local_ssd_config": [],
                    "gcfs_config": [],
                    "guest_accelerator": [],
                    "gvnic": [],
                    "host_maintenance_policy": [],
                    "image_type": "COS_CONTAINERD",
                    "kubelet_config": [
                      {
                        "cpu_cfs_quota": false,
                        "cpu_cfs_quota_period": "",
                        "cpu_manager_policy": "",
                        "pod_pids_limit": 0
                      }
                    ],
                    "labels": {},
                    "linux_node_config": [],
                    "local_nvme_ssd_block_config": [],
                    "local_ssd_count": 0,
                    "logging_variant": "DEFAULT",
                    "machine_type": "e2-standard-4",
                    "metadata": {
                      "disable-legacy-endpoints": "true"
                    },
                    "min_cpu_platform": "",
                    "node_group": "",
                    "oauth_scopes": [
                      "https://www.googleapis.com/auth/cloud-platform"
                    ],
                    "preemptible": false,
                    "reservation_affinity": [],
                    "resource_labels": {
                      "goog-gke-node-pool-provisioning-model": "on-demand"
                    },
                    "service_account": "gke-nodes-sa@game-item-generation.iam.gserviceaccount.com",
                    "shielded_instance_config": [
                      {
                        "enable_integrity_monitoring": true,
                        "enable_secure_boot": false
                      }
                    ],
                    "sole_tenant_config": [],
                    "spot": false,
                    "tags": [],
                    "taint": [],
                    "workload_metadata_config": [
                      {
                        "mode": "GKE_METADATA"
                      }
                    ]
                  }
                ],
                "node_count": 0,
                "node_locations": [
                  "asia-southeast1-a",
                  "asia-southeast1-b",
                  "asia-southeast1-c"
                ],
                "placement_policy": [],
                "upgrade_settings": [
                  {
                    "blue_green_settings": [],
                    "max_surge": 1,
                    "max_unavailable": 0,
                    "strategy": "SURGE"
                  }
                ],
                "version": "1.33.5-gke.1080000"
              }
            ],
            "node_pool_defaults": [
              {
                "node_config_defaults": [
                  {
                    "logging_variant": "DEFAULT"
                  }
                ]
              }
            ],
            "node_version": "1.33.5-gke.1080000",
            "notification_config": [
              {
                "pubsub": [
                  {
                    "enabled": false,
                    "filter": [],
                    "topic": ""
                  }
                ]
              }
            ],
            "operation": null,
            "private_cluster_config": [
              {
                "enable_private_endpoint": false,
                "enable_private_nodes": false,
                "master_global_access_config": [
                  {
                    "enabled": false
                  }
                ],
                "master_ipv4_cidr_block": "",
                "peering_name": "",
                "private_endpoint": "10.10.0.3",
                "private_endpoint_subnetwork": "",
                "public_endpoint": "34.126.182.5"
              }
            ],
            "private_ipv6_google_access": "",
            "project": "game-item-generation",
            "release_channel": [
              {
                "channel": "REGULAR"
              }
            ],
            "remove_default_node_pool": true,
            "resource_labels": {},
            "resource_usage_export_config": [],
            "security_posture_config": [
              {
                "mode": "BASIC",
                "vulnerability_mode": "VULNERABILITY_MODE_UNSPECIFIED"
              }
            ],
            "self_link": "https://container.googleapis.com/v1/projects/game-item-generation/locations/asia-southeast1/clusters/game-item-generation-service-cluster",
            "service_external_ips_config": [
              {
                "enabled": false
              }
            ],
            "services_ipv4_cidr": "10.30.0.0/16",
            "subnetwork": "projects/game-item-generation/regions/asia-southeast1/subnetworks/game-item-generation-service-subnet",
            "timeouts": null,
            "tpu_ipv4_cidr_block": "",
            "vertical_pod_autoscaling": [],
            "workload_identity_config": [
              {
                "workload_pool": "game-item-generation.svc.id.goog"
              }
            ]
          },
          "sensitive_attributes": [],
          "private": "eyJlMmJmYjczMC1lY2FhLTExZTYtOGY4OC0zNDM2M2JjN2M0YzAiOnsiY3JlYXRlIjoyNDAwMDAwMDAwMDAwLCJkZWxldGUiOjI0MDAwMDAwMDAwMDAsInJlYWQiOjI0MDAwMDAwMDAwMDAsInVwZGF0ZSI6MzYwMDAwMDAwMDAwMH0sInNjaGVtYV92ZXJzaW9uIjoiMSJ9",
          "dependencies": [
            "google_compute_network.vpc_network",
            "google_compute_subnetwork.service_subnet"
          ]
        }
      ]
    },
    {
      "mode": "managed",
      "type": "google_container_node_pool",
      "name": "primary_nodes",
      "provider": "provider[\"registry.terraform.io/hashicorp/google\"]",
      "instances": [
        {
          "schema_version": 1,
          "attributes": {
            "autoscaling": [
              {
                "location_policy": "BALANCED",
                "max_node_count": 3,
                "min_node_count": 1,
                "total_max_node_count": 0,
                "total_min_node_count": 0
              }
            ],
            "cluster": "game-item-generation-service-cluster",
            "id": "projects/game-item-generation/locations/asia-southeast1/clusters/game-item-generation-service-cluster/nodePools/game-item-generation-np",
            "initial_node_count": 0,
            "instance_group_urls": [
              "https://www.googleapis.com/compute/v1/projects/game-item-generation/zones/asia-southeast1-b/instanceGroupManagers/gke-game-item-genera-game-item-genera-c21bca9b-grp",
              "https://www.googleapis.com/compute/v1/projects/game-item-generation/zones/asia-southeast1-c/instanceGroupManagers/gke-game-item-genera-game-item-genera-fa01d705-grp",
              "https://www.googleapis.com/compute/v1/projects/game-item-generation/zones/asia-southeast1-a/instanceGroupManagers/gke-game-item-genera-game-item-genera-fbc58b7f-grp"
            ],
            "location": "asia-southeast1",
            "managed_instance_group_urls": [
              "https://www.googleapis.com/compute/v1/projects/game-item-generation/zones/asia-southeast1-b/instanceGroups/gke-game-item-genera-game-item-genera-c21bca9b-grp",
              "https://www.googleapis.com/compute/v1/projects/game-item-generation/zones/asia-southeast1-c/instanceGroups/gke-game-item-genera-game-item-genera-fa01d705-grp",
              "https://www.googleapis.com/compute/v1/projects/game-item-generation/zones/asia-southeast1-a/instanceGroups/gke-game-item-genera-game-item-genera-fbc58b7f-grp"
            ],
            "management": [
              {
                "auto_repair": true,
                "auto_upgrade": true
              }
            ],
            "max_pods_per_node": 110,
            "name": "game-item-generation-np",
            "name_prefix": "",
            "network_config": [
              {
                "create_pod_range": false,
                "enable_private_nodes": false,
                "pod_cidr_overprovision_config": [],
                "pod_ipv4_cidr_block": "10.20.0.0/16",
                "pod_range": "pods-range"
              }
            ],
            "node_config": [
              {
                "advanced_machine_features": [],
                "boot_disk_kms_key": "",
                "disk_size_gb": 30,
                "disk_type": "pd-balanced",
                "ephemeral_storage_local_ssd_config": [],
                "gcfs_config": [],
                "guest_accelerator": [],
                "gvnic": [],
                "host_maintenance_policy": [],
                "image_type": "COS_CONTAINERD",
                "kubelet_config": [
                  {
                    "cpu_cfs_quota": false,
                    "cpu_cfs_quota_period": "",
                    "cpu_manager_policy": "",
                    "pod_pids_limit": 0
                  }
                ],
                "labels": {},
                "linux_node_config": [],
                "local_nvme_ssd_block_config": [],
                "local_ssd_count": 0,
                "logging_variant": "DEFAULT",
                "machine_type": "e2-standard-4",
                "metadata": {
                  "disable-legacy-endpoints": "true"
                },
                "min_cpu_platform": "",
                "node_group": "",
                "oauth_scopes": [
                  "https://www.googleapis.com/auth/cloud-platform"
                ],
                "preemptible": false,
                "reservation_affinity": [],
                "resource_labels": {
                  "goog-gke-node-pool-provisioning-model": "on-demand"
                },
                "service_account": "gke-nodes-sa@game-item-generation.iam.gserviceaccount.com",
                "shielded_instance_config": [
                  {
                    "enable_integrity_monitoring": true,
                    "enable_secure_boot": false
                  }
                ],
                "sole_tenant_config": [],
                "spot": false,
                "tags": [],
                "taint": [],
                "workload_metadata_config": [
                  {
                    "mode": "GKE_METADATA"
                  }
                ]
              }
            ],
            "node_count": 0,
            "node_locations": [
              "asia-southeast1-a",
              "asia-southeast1-b",
              "asia-southeast1-c"
            ],
            "operation": null,
            "placement_policy": [],
            "project": "game-item-generation",
            "timeouts": null,
            "upgrade_settings": [
              {
                "blue_green_settings": [],
                "max_surge": 1,
                "max_unavailable": 0,
                "strategy": "SURGE"
              }
            ],
            "version": "1.33.5-gke.1080000"
          },
          "sensitive_attributes": [],
          "private": "eyJlMmJmYjczMC1lY2FhLTExZTYtOGY4OC0zNDM2M2JjN2M0YzAiOnsiY3JlYXRlIjoxODAwMDAwMDAwMDAwLCJkZWxldGUiOjE4MDAwMDAwMDAwMDAsInVwZGF0ZSI6MTgwMDAwMDAwMDAwMH0sInNjaGVtYV92ZXJzaW9uIjoiMSJ9",
          "dependencies": [
            "google_container_cluster.service-cluster",
            "google_service_account.gke_service_account"
          ]
        }
      ]
    },
    {
      "mode": "managed",
      "type": "google_project_iam_member",
      "name": "app_gsa_sql_client",
      "provider": "provider[\"registry.terraform.io/hashicorp/google\"]",
      "instances": [
        {
          "schema_version": 0,
          "attributes": {
            "condition": [],
            "etag": "BwZBtZ945ZA=",
            "id": "game-item-generation/roles/cloudsql.client/serviceAccount:api-gateway-gsa@game-item-generation.iam.gserviceaccount.com",
            "member": "serviceAccount:api-gateway-gsa@game-item-generation.iam.gserviceaccount.com",
            "project": "game-item-generation",
            "role": "roles/cloudsql.client"
          },
          "sensitive_attributes": [],
          "private": "bnVsbA==",
          "dependencies": [
            "google_service_account.app_gsa"
          ]
        }
      ]
    },
    {
      "mode": "managed",
      "type": "google_project_iam_member",
      "name": "jenkins_gke_developer",
      "provider": "provider[\"registry.terraform.io/hashicorp/google\"]",
      "instances": [
        {
          "schema_version": 0,
          "attributes": {
            "condition": [],
            "etag": "BwZBtZ945ZA=",
            "id": "game-item-generation/roles/container.developer/serviceAccount:jenkins-vm-sa@game-item-generation.iam.gserviceaccount.com",
            "member": "serviceAccount:jenkins-vm-sa@game-item-generation.iam.gserviceaccount.com",
            "project": "game-item-generation",
            "role": "roles/container.developer"
          },
          "sensitive_attributes": [],
          "private": "bnVsbA==",
          "dependencies": [
            "google_service_account.jenkins_vm_sa"
          ]
        }
      ]
    },
    {
      "mode": "managed",
      "type": "google_service_account",
      "name": "app_gsa",
      "provider": "provider[\"registry.terraform.io/hashicorp/google\"]",
      "instances": [
        {
          "schema_version": 0,
          "attributes": {
            "account_id": "api-gateway-gsa",
            "description": "",
            "disabled": false,
            "display_name": "GSA for API Gateway Application",
            "email": "api-gateway-gsa@game-item-generation.iam.gserviceaccount.com",
            "id": "projects/game-item-generation/serviceAccounts/api-gateway-gsa@game-item-generation.iam.gserviceaccount.com",
            "member": "serviceAccount:api-gateway-gsa@game-item-generation.iam.gserviceaccount.com",
            "name": "projects/game-item-generation/serviceAccounts/api-gateway-gsa@game-item-generation.iam.gserviceaccount.com",
            "project": "game-item-generation",
            "timeouts": null,
            "unique_id": "115235282347380312429"
          },
          "sensitive_attributes": [],
          "private": "eyJlMmJmYjczMC1lY2FhLTExZTYtOGY4OC0zNDM2M2JjN2M0YzAiOnsiY3JlYXRlIjozMDAwMDAwMDAwMDB9fQ=="
        }
      ]
    },
    {
      "mode": "managed",
      "type": "google_service_account",
      "name": "gke_service_account",
      "provider": "provider[\"registry.terraform.io/hashicorp/google\"]",
      "instances": [
        {
          "schema_version": 0,
          "attributes": {
            "account_id": "gke-nodes-sa",
            "description": "",
            "disabled": false,
            "display_name": "Service account for GKE nodes",
            "email": "gke-nodes-sa@game-item-generation.iam.gserviceaccount.com",
            "id": "projects/game-item-generation/serviceAccounts/gke-nodes-sa@game-item-generation.iam.gserviceaccount.com",
            "member": "serviceAccount:gke-nodes-sa@game-item-generation.iam.gserviceaccount.com",
            "name": "projects/game-item-generation/serviceAccounts/gke-nodes-sa@game-item-generation.iam.gserviceaccount.com",
            "project": "game-item-generation",
            "timeouts": null,
            "unique_id": "101212239008292894211"
          },
          "sensitive_attributes": [],
          "private": "eyJlMmJmYjczMC1lY2FhLTExZTYtOGY4OC0zNDM2M2JjN2M0YzAiOnsiY3JlYXRlIjozMDAwMDAwMDAwMDB9fQ=="
        }
      ]
    },
    {
      "mode": "managed",
      "type": "google_service_account",
      "name": "jenkins_vm_sa",
      "provider": "provider[\"registry.terraform.io/hashicorp/google\"]",
      "instances": [
        {
          "schema_version": 0,
          "attributes": {
            "account_id": "jenkins-vm-sa",
            "description": "",
            "disabled": false,
            "display_name": "Service Account for Jenkins GCE VM",
            "email": "jenkins-vm-sa@game-item-generation.iam.gserviceaccount.com",
            "id": "projects/game-item-generation/serviceAccounts/jenkins-vm-sa@game-item-generation.iam.gserviceaccount.com",
            "member": "serviceAccount:jenkins-vm-sa@game-item-generation.iam.gserviceaccount.com",
            "name": "projects/game-item-generation/serviceAccounts/jenkins-vm-sa@game-item-generation.iam.gserviceaccount.com",
            "project": "game-item-generation",
            "timeouts": null,
            "unique_id": "101367721140171509263"
          },
          "sensitive_attributes": [],
          "private": "eyJlMmJmYjczMC1lY2FhLTExZTYtOGY4OC0zNDM2M2JjN2M0YzAiOnsiY3JlYXRlIjozMDAwMDAwMDAwMDB9fQ=="
        }
      ]
    },
    {
      "mode": "managed",
      "type": "google_service_account",
      "name": "storage_admin_sa",
      "provider": "provider[\"registry.terraform.io/hashicorp/google\"]",
      "instances": [
        {
          "schema_version": 0,
          "attributes": {
            "account_id": "storage-admin-sa",
            "description": "",
            "disabled": false,
            "display_name": "Service Account for GCS",
            "email": "storage-admin-sa@game-item-generation.iam.gserviceaccount.com",
            "id": "projects/game-item-generation/serviceAccounts/storage-admin-sa@game-item-generation.iam.gserviceaccount.com",
            "member": "serviceAccount:storage-admin-sa@game-item-generation.iam.gserviceaccount.com",
            "name": "projects/game-item-generation/serviceAccounts/storage-admin-sa@game-item-generation.iam.gserviceaccount.com",
            "project": "game-item-generation",
            "timeouts": null,
            "unique_id": "110081619105604939576"
          },
          "sensitive_attributes": [],
          "private": "eyJlMmJmYjczMC1lY2FhLTExZTYtOGY4OC0zNDM2M2JjN2M0YzAiOnsiY3JlYXRlIjozMDAwMDAwMDAwMDB9fQ=="
        }
      ]
    },
    {
      "mode": "managed",
      "type": "google_service_account_iam_member",
      "name": "app_gsa_workload_identity_user",
      "provider": "provider[\"registry.terraform.io/hashicorp/google\"]",
      "instances": [
        {
          "schema_version": 0,
          "attributes": {
            "condition": [],
            "etag": "BwZBtZ9bRBo=",
            "id": "projects/game-item-generation/serviceAccounts/api-gateway-gsa@game-item-generation.iam.gserviceaccount.com/roles/iam.workloadIdentityUser/serviceAccount:game-item-generation.svc.id.goog[service-dev/ksa-api-gateway]",
            "member": "serviceAccount:game-item-generation.svc.id.goog[service-dev/ksa-api-gateway]",
            "role": "roles/iam.workloadIdentityUser",
            "service_account_id": "projects/game-item-generation/serviceAccounts/api-gateway-gsa@game-item-generation.iam.gserviceaccount.com"
          },
          "sensitive_attributes": [],
          "private": "bnVsbA==",
          "dependencies": [
            "google_service_account.app_gsa"
          ]
        }
      ]
    },
    {
      "mode": "managed",
      "type": "google_service_networking_connection",
      "name": "default",
      "provider": "provider[\"registry.terraform.io/hashicorp/google\"]",
      "instances": [
        {
          "schema_version": 0,
          "attributes": {
            "id": "projects%2Fgame-item-generation%2Fglobal%2Fnetworks%2Fgame-item-generation-vpc:servicenetworking.googleapis.com",
            "network": "projects/game-item-generation/global/networks/game-item-generation-vpc",
            "peering": "servicenetworking-googleapis-com",
            "reserved_peering_ranges": [
              "private-ip-alloc-for-gcp-services"
            ],
            "service": "servicenetworking.googleapis.com",
            "timeouts": null
          },
          "sensitive_attributes": [],
          "private": "eyJlMmJmYjczMC1lY2FhLTExZTYtOGY4OC0zNDM2M2JjN2M0YzAiOnsiY3JlYXRlIjo2MDAwMDAwMDAwMDAsImRlbGV0ZSI6NjAwMDAwMDAwMDAwLCJ1cGRhdGUiOjYwMDAwMDAwMDAwMH19",
          "dependencies": [
            "google_compute_global_address.private_ip_alloc",
            "google_compute_network.vpc_network"
          ]
        }
      ]
    },
    {
      "mode": "managed",
      "type": "google_sql_database",
      "name": "app_db",
      "provider": "provider[\"registry.terraform.io/hashicorp/google\"]",
      "instances": [
        {
          "schema_version": 0,
          "attributes": {
            "charset": "UTF8",
            "collation": "en_US.UTF8",
            "deletion_policy": "DELETE",
            "id": "projects/game-item-generation/instances/game-item-generation-service-db/databases/image_requests",
            "instance": "game-item-generation-service-db",
            "name": "image_requests",
            "project": "game-item-generation",
            "self_link": "https://sqladmin.googleapis.com/sql/v1beta4/projects/game-item-generation/instances/game-item-generation-service-db/databases/image_requests",
            "timeouts": null
          },
          "sensitive_attributes": [],
          "private": "eyJlMmJmYjczMC1lY2FhLTExZTYtOGY4OC0zNDM2M2JjN2M0YzAiOnsiY3JlYXRlIjoxMjAwMDAwMDAwMDAwLCJkZWxldGUiOjEyMDAwMDAwMDAwMDAsInVwZGF0ZSI6MTIwMDAwMDAwMDAwMH19",
          "dependencies": [
            "google_compute_global_address.private_ip_alloc",
            "google_compute_network.vpc_network",
            "google_service_networking_connection.default",
            "google_sql_database_instance.service-db"
          ]
        }
      ]
    },
    {
      "mode": "managed",
      "type": "google_sql_database_instance",
      "name": "service-db",
      "provider": "provider[\"registry.terraform.io/hashicorp/google\"]",
      "instances": [
        {
          "schema_version": 0,
          "attributes": {
            "available_maintenance_versions": [],
            "clone": [],
            "connection_name": "game-item-generation:asia-southeast1:game-item-generation-service-db",
            "database_version": "POSTGRES_14",
            "deletion_protection": true,
            "dns_name": "",
            "encryption_key_name": null,
            "first_ip_address": "34.143.170.198",
            "id": "game-item-generation-service-db",
            "instance_type": "CLOUD_SQL_INSTANCE",
            "ip_address": [
              {
                "ip_address": "34.143.170.198",
                "time_to_retire": "",
                "type": "PRIMARY"
              },
              {
                "ip_address": "35.197.146.123",
                "time_to_retire": "",
                "type": "OUTGOING"
              },
              {
                "ip_address": "10.235.0.3",
                "time_to_retire": "",
                "type": "PRIVATE"
              }
            ],
            "maintenance_version": "POSTGRES_14_19.R20250727.00_29",
            "master_instance_name": "",
            "name": "game-item-generation-service-db",
            "private_ip_address": "10.235.0.3",
            "project": "game-item-generation",
            "psc_service_attachment_link": "",
            "public_ip_address": "34.143.170.198",
            "region": "asia-southeast1",
            "replica_configuration": [],
            "restore_backup_context": [],
            "root_password": null,
            "self_link": "https://sqladmin.googleapis.com/sql/v1beta4/projects/game-item-generation/instances/game-item-generation-service-db",
            "server_ca_cert": [
              {
                "cert": "-----BEGIN CERTIFICATE-----\nMIIDfzCCAmegAwIBAgIBADANBgkqhkiG9w0BAQsFADB3MS0wKwYDVQQuEyQ3NGIy\nZTYwZC1iYWRlLTQ4ZmEtOTJmMi05YTBlZDhjMzdjZTYxIzAhBgNVBAMTGkdvb2ds\nZSBDbG91ZCBTUUwgU2VydmVyIENBMRQwEgYDVQQKEwtHb29nbGUsIEluYzELMAkG\nA1UEBhMCVVMwHhcNMjUxMDIxMTQzOTI1WhcNMzUxMDE5MTQ0MDI1WjB3MS0wKwYD\nVQQuEyQ3NGIyZTYwZC1iYWRlLTQ4ZmEtOTJmMi05YTBlZDhjMzdjZTYxIzAhBgNV\nBAMTGkdvb2dsZSBDbG91ZCBTUUwgU2VydmVyIENBMRQwEgYDVQQKEwtHb29nbGUs\nIEluYzELMAkGA1UEBhMCVVMwggEiMA0GCSqGSIb3DQEBAQUAA4IBDwAwggEKAoIB\nAQDhwRBm/WGIX7hsmKTIGsg2U1m1REilO66+1YqBqxrEMpI8Hhwf6yBtbgIWArhs\n+/PxXoXWAoJ1dqA5VDaRXHRJch1yObqzBvsrJAWgCQwk719+iZgSOHQtg9oR5f8h\nYLXVQ0sKYe44/xGVNpD/cMgTQRlGhJiGOZp931/nDEVVV6KuCpPlE1k9RqqDhgy6\nzgg9W/R2ujk8qQe96triNNXh8MtOj19f2yfH+72/05HkdZBPBDWquNtW/5S+oB0W\nf/7uhtl2DtL1g92l6XG0/cep5U75Uk2gX7k2Oj+T0gsbYgOKs9gzwgAOSqPMQem+\nvWplFm+XnpysG/IXjn0s0Ds9AgMBAAGjFjAUMBIGA1UdEwEB/wQIMAYBAf8CAQAw\nDQYJKoZIhvcNAQELBQADggEBACi6ZHKeloZ/KxyKZEUwmAIlgSTDnK8ep7fwxyW3\n63aOsQCcjkf11WleZW4V1Al9YUUi4mnCRXj4aF2tpd65rSQDbR8Kj69agmpTPvo9\ngvu/KTpSymFdSw4rSKtiQBDRkeWa0KeNaxYIo8Y5mkru/XOICjlgaSaYbsguSIZl\n0qtqNA4PDs3rmjF3QBWackezi/RPGTVpBkk6riHtMG4KjIrnNX568p8OfAYnZR9o\nIKcor6u2l+mJ43hvtnUqV5bRAHttEQYwVenaLP2sCgkk+b2d3bX4VbU4W5EdcX81\nHpkd7Zg36gbET1imqODhK1D7TKGyyvaLAQM+zY+WnWdIYbI=\n-----END CERTIFICATE-----",
                "common_name": "C=US,O=Google\\, Inc,CN=Google Cloud SQL Server CA,dnQualifier=74b2e60d-bade-48fa-92f2-9a0ed8c37ce6",
                "create_time": "2025-10-21T14:39:25.184Z",
                "expiration_time": "2035-10-19T14:40:25.184Z",
                "sha1_fingerprint": "9338c95ffc65963d204e73b9445607d633997e29"
              }
            ],
            "service_account_email_address": "p515511998024-bggbl7@gcp-sa-cloud-sql.iam.gserviceaccount.com",
            "settings": [
              {
                "activation_policy": "ALWAYS",
                "active_directory_config": [],
                "advanced_machine_features": [],
                "availability_type": "ZONAL",
                "backup_configuration": [
                  {
                    "backup_retention_settings": [
                      {
                        "retained_backups": 7,
                        "retention_unit": "COUNT"
                      }
                    ],
                    "binary_log_enabled": false,
                    "enabled": false,
                    "location": "",
                    "point_in_time_recovery_enabled": false,
                    "start_time": "12:00",
                    "transaction_log_retention_days": 7
                  }
                ],
                "collation": "",
                "connector_enforcement": "NOT_REQUIRED",
                "data_cache_config": [],
                "database_flags": [],
                "deletion_protection_enabled": false,
                "deny_maintenance_period": [],
                "disk_autoresize": true,
                "disk_autoresize_limit": 0,
                "disk_size": 10,
                "disk_type": "PD_SSD",
                "edition": "",
                "insights_config": [],
                "ip_configuration": [
                  {
                    "allocated_ip_range": "",
                    "authorized_networks": [],
                    "enable_private_path_for_google_cloud_services": false,
                    "ipv4_enabled": true,
                    "private_network": "projects/game-item-generation/global/networks/game-item-generation-vpc",
                    "psc_config": [],
                    "require_ssl": false
                  }
                ],
                "location_preference": [
                  {
                    "follow_gae_application": "",
                    "secondary_zone": "",
                    "zone": "asia-southeast1-b"
                  }
                ],
                "maintenance_window": [],
                "password_validation_policy": [],
                "pricing_plan": "PER_USE",
                "sql_server_audit_config": [],
                "tier": "db-f1-micro",
                "time_zone": "",
                "user_labels": {},
                "version": 24
              }
            ],
            "timeouts": null
          },
          "sensitive_attributes": [],
          "private": "eyJlMmJmYjczMC1lY2FhLTExZTYtOGY4OC0zNDM2M2JjN2M0YzAiOnsiY3JlYXRlIjoyNDAwMDAwMDAwMDAwLCJkZWxldGUiOjE4MDAwMDAwMDAwMDAsInVwZGF0ZSI6MTgwMDAwMDAwMDAwMH19",
          "dependencies": [
            "google_compute_global_address.private_ip_alloc",
            "google_compute_network.vpc_network",
            "google_service_networking_connection.default"
          ]
        }
      ]
    },
    {
      "mode": "managed",
      "type": "google_sql_user",
      "name": "app_user",
      "provider": "provider[\"registry.terraform.io/hashicorp/google\"]",
      "instances": [
        {
          "schema_version": 1,
          "attributes": {
            "deletion_policy": null,
            "host": "",
            "id": "hienntt19//game-item-generation-service-db",
            "instance": "game-item-generation-service-db",
            "name": "hienntt19",
            "password": "KhhhKdgXtTnjC5LIDxjp",
            "password_policy": [],
            "project": "game-item-generation",
            "sql_server_user_details": [],
            "timeouts": null,
            "type": ""
          },
          "sensitive_attributes": [
            [
              {
                "type": "get_attr",
                "value": "password"
              }
            ]
          ],
          "private": "eyJlMmJmYjczMC1lY2FhLTExZTYtOGY4OC0zNDM2M2JjN2M0YzAiOnsiY3JlYXRlIjo2MDAwMDAwMDAwMDAsImRlbGV0ZSI6NjAwMDAwMDAwMDAwLCJ1cGRhdGUiOjYwMDAwMDAwMDAwMH0sInNjaGVtYV92ZXJzaW9uIjoiMSJ9",
          "dependencies": [
            "google_compute_global_address.private_ip_alloc",
            "google_compute_network.vpc_network",
            "google_service_networking_connection.default",
            "google_sql_database_instance.service-db",
            "random_password.db_password"
          ]
        }
      ]
    },
    {
      "mode": "managed",
      "type": "google_storage_bucket",
      "name": "inference_worker_bucket",
      "provider": "provider[\"registry.terraform.io/hashicorp/google\"]",
      "instances": [
        {
          "schema_version": 0,
          "attributes": {
            "autoclass": [],
            "cors": [],
            "custom_placement_config": [],
            "default_event_based_hold": false,
            "encryption": [],
            "force_destroy": false,
            "id": "inference-worker-bucket",
            "labels": {},
            "lifecycle_rule": [],
            "location": "ASIA-SOUTHEAST1",
            "logging": [],
            "name": "inference-worker-bucket",
            "project": "game-item-generation",
            "public_access_prevention": "inherited",
            "requester_pays": false,
            "retention_policy": [],
            "self_link": "https://www.googleapis.com/storage/v1/b/inference-worker-bucket",
            "storage_class": "STANDARD",
            "timeouts": null,
            "uniform_bucket_level_access": true,
            "url": "gs://inference-worker-bucket",
            "versioning": [],
            "website": []
          },
          "sensitive_attributes": [],
          "private": "eyJlMmJmYjczMC1lY2FhLTExZTYtOGY4OC0zNDM2M2JjN2M0YzAiOnsiY3JlYXRlIjo2MDAwMDAwMDAwMDAsInJlYWQiOjI0MDAwMDAwMDAwMCwidXBkYXRlIjoyNDAwMDAwMDAwMDB9fQ=="
        }
      ]
    },
    {
      "mode": "managed",
      "type": "google_storage_bucket_iam_member",
      "name": "storage_admin_binding",
      "provider": "provider[\"registry.terraform.io/hashicorp/google\"]",
      "instances": [
        {
          "schema_version": 0,
          "attributes": {
            "bucket": "b/inference-worker-bucket",
            "condition": [],
            "etag": "CAI=",
            "id": "b/inference-worker-bucket/roles/storage.objectAdmin/serviceAccount:storage-admin-sa@game-item-generation.iam.gserviceaccount.com",
            "member": "serviceAccount:storage-admin-sa@game-item-generation.iam.gserviceaccount.com",
            "role": "roles/storage.objectAdmin"
          },
          "sensitive_attributes": [],
          "private": "bnVsbA==",
          "dependencies": [
            "google_service_account.storage_admin_sa",
            "google_storage_bucket.inference_worker_bucket"
          ]
        }
      ]
    },
    {
      "mode": "managed",
      "type": "null_resource",
      "name": "create_db_schema",
      "provider": "provider[\"registry.terraform.io/hashicorp/null\"]",
      "instances": [
        {
          "schema_version": 0,
          "attributes": {
            "id": "7280183868444939597",
            "triggers": {
              "db_name": "image_requests",
              "script_hash": "18716ed4a5bf33e1e93f45c0aa3ff085"
            }
          },
          "sensitive_attributes": [],
          "dependencies": [
            "google_compute_global_address.private_ip_alloc",
            "google_compute_network.vpc_network",
            "google_service_networking_connection.default",
            "google_sql_database.app_db",
            "google_sql_database_instance.service-db",
            "google_sql_user.app_user",
            "random_password.db_password",
            "time_sleep.wait_for_db"
          ]
        }
      ]
    },
    {
      "mode": "managed",
      "type": "random_password",
      "name": "db_password",
      "provider": "provider[\"registry.terraform.io/hashicorp/random\"]",
      "instances": [
        {
          "schema_version": 3,
          "attributes": {
            "bcrypt_hash": "$2a$10$/CaR3dpo6nRCjZYGuxyGJeYAOytnqv9fFrrz9BRyNAv4bzP.Jh0Te",
            "id": "none",
            "keepers": null,
            "length": 20,
            "lower": true,
            "min_lower": 0,
            "min_numeric": 0,
            "min_special": 0,
            "min_upper": 0,
            "number": true,
            "numeric": true,
            "override_special": null,
            "result": "KhhhKdgXtTnjC5LIDxjp",
            "special": false,
            "upper": true
          },
          "sensitive_attributes": []
        }
      ]
    },
    {
      "mode": "managed",
      "type": "time_sleep",
      "name": "wait_for_db",
      "provider": "provider[\"registry.terraform.io/hashicorp/time\"]",
      "instances": [
        {
          "schema_version": 0,
          "attributes": {
            "create_duration": "30s",
            "destroy_duration": null,
            "id": "2025-10-22T01:56:45Z",
            "triggers": null
          },
          "sensitive_attributes": [],
          "dependencies": [
            "google_compute_global_address.private_ip_alloc",
            "google_compute_network.vpc_network",
            "google_service_networking_connection.default",
            "google_sql_database.app_db",
            "google_sql_database_instance.service-db",
            "google_sql_user.app_user",
            "random_password.db_password"
          ]
        }
      ]
    }
  ],
  "check_results": null
}
